
Microsoft Visual Studio Solution File, Format Version 12.00
# Visual Studio Version 16
VisualStudioVersion = 16.0.34407.143
MinimumVisualStudioVersion = 10.0.40219.1
Project("{FAE04EC0-301F-11D3-BF4B-00C04F79EFBC}") = "ControlAsistenciaFinal", "ControlAsistenciaFinal\ControlAsistenciaFinal.csproj", "{26D52878-426C-49FF-A8AE-E20D093C3447}"
EndProject
Global
	GlobalSection(SolutionConfigurationPlatforms) = preSolution
		Debug|Any CPU = Debug|Any CPU
		Release|Any CPU = Release|Any CPU
	EndGlobalSection
	GlobalSection(ProjectConfigurationPlatforms) = postSolution
		{26D52878-426C-49FF-A8AE-E20D093C3447}.Debug|Any CPU.ActiveCfg = Debug|Any CPU
		{26D52878-426C-49FF-A8AE-E20D093C3447}.Debug|Any CPU.Build.0 = Debug|Any CPU
		{26D52878-426C-49FF-A8AE-E20D093C3447}.Release|Any CPU.ActiveCfg = Release|Any CPU
		{26D52878-426C-49FF-A8AE-E20D093C3447}.Release|Any CPU.Build.0 = Release|Any CPU
	EndGlobalSection
	GlobalSection(SolutionProperties) = preSolution
		HideSolutionNode = FALSE
	EndGlobalSection
	GlobalSection(ExtensibilityGlobals) = postSolution
		SolutionGuid = {FB1F5D1A-468B-490C-935F-0221E0DF933E}
	EndGlobalSection
EndGlobal
